// !$*UTF8*$!
{
	archiveVersion = 1;
	classes = {
	};
	objectVersion = 46;
	objects = {

/* Begin PBXBuildFile section */
		1809FF0C1BBB9F1500A5C0EE /* CalendarView.swift in Sources */ = {isa = PBXBuildFile; fileRef = 1809FF011BBB9F1500A5C0EE /* CalendarView.swift */; };
		1809FF0D1BBB9F1500A5C0EE /* CalendarView.xib in Resources */ = {isa = PBXBuildFile; fileRef = 1809FF021BBB9F1500A5C0EE /* CalendarView.xib */; };
		1809FF0E1BBB9F1500A5C0EE /* MonthCollectionCell.swift in Sources */ = {isa = PBXBuildFile; fileRef = 1809FF031BBB9F1500A5C0EE /* MonthCollectionCell.swift */; };
		1809FF0F1BBB9F1500A5C0EE /* MonthCollectionCell.xib in Resources */ = {isa = PBXBuildFile; fileRef = 1809FF041BBB9F1500A5C0EE /* MonthCollectionCell.xib */; };
		1809FF101BBB9F1500A5C0EE /* DayCollectionCell.swift in Sources */ = {isa = PBXBuildFile; fileRef = 1809FF051BBB9F1500A5C0EE /* DayCollectionCell.swift */; };
		1809FF111BBB9F1500A5C0EE /* DayCollectionCell.xib in Resources */ = {isa = PBXBuildFile; fileRef = 1809FF061BBB9F1500A5C0EE /* DayCollectionCell.xib */; };
		1809FF121BBB9F1500A5C0EE /* WeekHeaderView.swift in Sources */ = {isa = PBXBuildFile; fileRef = 1809FF071BBB9F1500A5C0EE /* WeekHeaderView.swift */; };
		1809FF131BBB9F1500A5C0EE /* WeekHeaderView.xib in Resources */ = {isa = PBXBuildFile; fileRef = 1809FF081BBB9F1500A5C0EE /* WeekHeaderView.xib */; };
		1809FF141BBB9F1500A5C0EE /* CalendarLogic.swift in Sources */ = {isa = PBXBuildFile; fileRef = 1809FF091BBB9F1500A5C0EE /* CalendarLogic.swift */; };
		1809FF151BBB9F1500A5C0EE /* Date.swift in Sources */ = {isa = PBXBuildFile; fileRef = 1809FF0A1BBB9F1500A5C0EE /* Date.swift */; };
		1809FF161BBB9F1500A5C0EE /* NSDateAdditions.swift in Sources */ = {isa = PBXBuildFile; fileRef = 1809FF0B1BBB9F1500A5C0EE /* NSDateAdditions.swift */; };
		1809FF181BBB9F5800A5C0EE /* CalendarViewController.swift in Sources */ = {isa = PBXBuildFile; fileRef = 1809FF171BBB9F5800A5C0EE /* CalendarViewController.swift */; };
		1838A0321BB8E9BB00C4798D /* AppDelegate.swift in Sources */ = {isa = PBXBuildFile; fileRef = 1838A0311BB8E9BB00C4798D /* AppDelegate.swift */; };
		1838A0341BB8E9BB00C4798D /* ViewController.swift in Sources */ = {isa = PBXBuildFile; fileRef = 1838A0331BB8E9BB00C4798D /* ViewController.swift */; };
		1838A0371BB8E9BB00C4798D /* Main.storyboard in Resources */ = {isa = PBXBuildFile; fileRef = 1838A0351BB8E9BB00C4798D /* Main.storyboard */; };
		1838A0391BB8E9BB00C4798D /* Images.xcassets in Resources */ = {isa = PBXBuildFile; fileRef = 1838A0381BB8E9BB00C4798D /* Images.xcassets */; };
		1838A03C1BB8E9BB00C4798D /* LaunchScreen.xib in Resources */ = {isa = PBXBuildFile; fileRef = 1838A03A1BB8E9BB00C4798D /* LaunchScreen.xib */; };
		1838A0521BB8F50800C4798D /* ScheduleTableViewController.swift in Sources */ = {isa = PBXBuildFile; fileRef = 1838A0511BB8F50800C4798D /* ScheduleTableViewController.swift */; };
		1838A0541BB8F52500C4798D /* ScheduleTableViewCell.swift in Sources */ = {isa = PBXBuildFile; fileRef = 1838A0531BB8F52500C4798D /* ScheduleTableViewCell.swift */; };
		1838A0581BB8FB2C00C4798D /* TermSelectionViewController.swift in Sources */ = {isa = PBXBuildFile; fileRef = 1838A0571BB8FB2C00C4798D /* TermSelectionViewController.swift */; };
		189E9D601BBA401D00EC5D34 /* FallDetailViewController.swift in Sources */ = {isa = PBXBuildFile; fileRef = 189E9D5F1BBA401D00EC5D34 /* FallDetailViewController.swift */; };
/* End PBXBuildFile section */

/* Begin PBXContainerItemProxy section */
		1838A0421BB8E9BC00C4798D /* PBXContainerItemProxy */ = {
			isa = PBXContainerItemProxy;
			containerPortal = 1838A0241BB8E9BB00C4798D /* Project object */;
			proxyType = 1;
			remoteGlobalIDString = 1838A02B1BB8E9BB00C4798D;
			remoteInfo = DailySchedule;
		};
/* End PBXContainerItemProxy section */

/* Begin PBXFileReference section */
		1809FF011BBB9F1500A5C0EE /* CalendarView.swift */ = {isa = PBXFileReference; fileEncoding = 4; lastKnownFileType = sourcecode.swift; name = CalendarView.swift; path = ../../../Bruha/ios_bruha/Bruha/CalendarView.swift; sourceTree = "<group>"; };
		1809FF021BBB9F1500A5C0EE /* CalendarView.xib */ = {isa = PBXFileReference; fileEncoding = 4; lastKnownFileType = file.xib; name = CalendarView.xib; path = ../../../Bruha/ios_bruha/Bruha/CalendarView.xib; sourceTree = "<group>"; };
		1809FF031BBB9F1500A5C0EE /* MonthCollectionCell.swift */ = {isa = PBXFileReference; fileEncoding = 4; lastKnownFileType = sourcecode.swift; name = MonthCollectionCell.swift; path = ../../../Bruha/ios_bruha/Bruha/MonthCollectionCell.swift; sourceTree = "<group>"; };
		1809FF041BBB9F1500A5C0EE /* MonthCollectionCell.xib */ = {isa = PBXFileReference; fileEncoding = 4; lastKnownFileType = file.xib; name = MonthCollectionCell.xib; path = ../../../Bruha/ios_bruha/Bruha/MonthCollectionCell.xib; sourceTree = "<group>"; };
		1809FF051BBB9F1500A5C0EE /* DayCollectionCell.swift */ = {isa = PBXFileReference; fileEncoding = 4; lastKnownFileType = sourcecode.swift; name = DayCollectionCell.swift; path = ../../../Bruha/ios_bruha/Bruha/DayCollectionCell.swift; sourceTree = "<group>"; };
		1809FF061BBB9F1500A5C0EE /* DayCollectionCell.xib */ = {isa = PBXFileReference; fileEncoding = 4; lastKnownFileType = file.xib; name = DayCollectionCell.xib; path = ../../../Bruha/ios_bruha/Bruha/DayCollectionCell.xib; sourceTree = "<group>"; };
		1809FF071BBB9F1500A5C0EE /* WeekHeaderView.swift */ = {isa = PBXFileReference; fileEncoding = 4; lastKnownFileType = sourcecode.swift; name = WeekHeaderView.swift; path = ../../../Bruha/ios_bruha/Bruha/WeekHeaderView.swift; sourceTree = "<group>"; };
		1809FF081BBB9F1500A5C0EE /* WeekHeaderView.xib */ = {isa = PBXFileReference; fileEncoding = 4; lastKnownFileType = file.xib; name = WeekHeaderView.xib; path = ../../../Bruha/ios_bruha/Bruha/WeekHeaderView.xib; sourceTree = "<group>"; };
		1809FF091BBB9F1500A5C0EE /* CalendarLogic.swift */ = {isa = PBXFileReference; fileEncoding = 4; lastKnownFileType = sourcecode.swift; name = CalendarLogic.swift; path = ../../../Bruha/ios_bruha/Bruha/CalendarLogic.swift; sourceTree = "<group>"; };
		1809FF0A1BBB9F1500A5C0EE /* Date.swift */ = {isa = PBXFileReference; fileEncoding = 4; lastKnownFileType = sourcecode.swift; name = Date.swift; path = ../../../Bruha/ios_bruha/Bruha/Date.swift; sourceTree = "<group>"; };
		1809FF0B1BBB9F1500A5C0EE /* NSDateAdditions.swift */ = {isa = PBXFileReference; fileEncoding = 4; lastKnownFileType = sourcecode.swift; name = NSDateAdditions.swift; path = ../../../Bruha/ios_bruha/Bruha/NSDateAdditions.swift; sourceTree = "<group>"; };
		1809FF171BBB9F5800A5C0EE /* CalendarViewController.swift */ = {isa = PBXFileReference; fileEncoding = 4; lastKnownFileType = sourcecode.swift; path = CalendarViewController.swift; sourceTree = "<group>"; };
		1838A02C1BB8E9BB00C4798D /* DailySchedule.app */ = {isa = PBXFileReference; explicitFileType = wrapper.application; includeInIndex = 0; path = DailySchedule.app; sourceTree = BUILT_PRODUCTS_DIR; };
		1838A0301BB8E9BB00C4798D /* Info.plist */ = {isa = PBXFileReference; lastKnownFileType = text.plist.xml; path = Info.plist; sourceTree = "<group>"; };
		1838A0311BB8E9BB00C4798D /* AppDelegate.swift */ = {isa = PBXFileReference; lastKnownFileType = sourcecode.swift; path = AppDelegate.swift; sourceTree = "<group>"; };
		1838A0331BB8E9BB00C4798D /* ViewController.swift */ = {isa = PBXFileReference; lastKnownFileType = sourcecode.swift; path = ViewController.swift; sourceTree = "<group>"; };
		1838A0361BB8E9BB00C4798D /* Base */ = {isa = PBXFileReference; lastKnownFileType = file.storyboard; name = Base; path = Base.lproj/Main.storyboard; sourceTree = "<group>"; };
		1838A0381BB8E9BB00C4798D /* Images.xcassets */ = {isa = PBXFileReference; lastKnownFileType = folder.assetcatalog; path = Images.xcassets; sourceTree = "<group>"; };
		1838A03B1BB8E9BB00C4798D /* Base */ = {isa = PBXFileReference; lastKnownFileType = file.xib; name = Base; path = Base.lproj/LaunchScreen.xib; sourceTree = "<group>"; };
		1838A0411BB8E9BC00C4798D /* DailyScheduleTests.xctest */ = {isa = PBXFileReference; explicitFileType = wrapper.cfbundle; includeInIndex = 0; path = DailyScheduleTests.xctest; sourceTree = BUILT_PRODUCTS_DIR; };
		1838A0461BB8E9BC00C4798D /* Info.plist */ = {isa = PBXFileReference; lastKnownFileType = text.plist.xml; path = Info.plist; sourceTree = "<group>"; };
		1838A0511BB8F50800C4798D /* ScheduleTableViewController.swift */ = {isa = PBXFileReference; fileEncoding = 4; lastKnownFileType = sourcecode.swift; path = ScheduleTableViewController.swift; sourceTree = "<group>"; };
		1838A0531BB8F52500C4798D /* ScheduleTableViewCell.swift */ = {isa = PBXFileReference; fileEncoding = 4; lastKnownFileType = sourcecode.swift; path = ScheduleTableViewCell.swift; sourceTree = "<group>"; };
		1838A0571BB8FB2C00C4798D /* TermSelectionViewController.swift */ = {isa = PBXFileReference; fileEncoding = 4; lastKnownFileType = sourcecode.swift; path = TermSelectionViewController.swift; sourceTree = "<group>"; };
		189E9D5F1BBA401D00EC5D34 /* FallDetailViewController.swift */ = {isa = PBXFileReference; fileEncoding = 4; lastKnownFileType = sourcecode.swift; path = FallDetailViewController.swift; sourceTree = "<group>"; };
/* End PBXFileReference section */

/* Begin PBXFrameworksBuildPhase section */
		1838A0291BB8E9BB00C4798D /* Frameworks */ = {
			isa = PBXFrameworksBuildPhase;
			buildActionMask = 2147483647;
			files = (
			);
			runOnlyForDeploymentPostprocessing = 0;
		};
		1838A03E1BB8E9BC00C4798D /* Frameworks */ = {
			isa = PBXFrameworksBuildPhase;
			buildActionMask = 2147483647;
			files = (
			);
			runOnlyForDeploymentPostprocessing = 0;
		};
/* End PBXFrameworksBuildPhase section */

/* Begin PBXGroup section */
		1809FF001BBB9EAF00A5C0EE /* CalendarKit */ = {
			isa = PBXGroup;
			children = (
				1809FF011BBB9F1500A5C0EE /* CalendarView.swift */,
				1809FF021BBB9F1500A5C0EE /* CalendarView.xib */,
				1809FF031BBB9F1500A5C0EE /* MonthCollectionCell.swift */,
				1809FF041BBB9F1500A5C0EE /* MonthCollectionCell.xib */,
				1809FF051BBB9F1500A5C0EE /* DayCollectionCell.swift */,
				1809FF061BBB9F1500A5C0EE /* DayCollectionCell.xib */,
				1809FF071BBB9F1500A5C0EE /* WeekHeaderView.swift */,
				1809FF081BBB9F1500A5C0EE /* WeekHeaderView.xib */,
				1809FF091BBB9F1500A5C0EE /* CalendarLogic.swift */,
				1809FF0A1BBB9F1500A5C0EE /* Date.swift */,
				1809FF0B1BBB9F1500A5C0EE /* NSDateAdditions.swift */,
			);
			name = CalendarKit;
			sourceTree = "<group>";
		};
		1838A0231BB8E9BB00C4798D = {
			isa = PBXGroup;
			children = (
				1838A02E1BB8E9BB00C4798D /* DailySchedule */,
				1838A0441BB8E9BC00C4798D /* DailyScheduleTests */,
				1838A02D1BB8E9BB00C4798D /* Products */,
			);
			sourceTree = "<group>";
		};
		1838A02D1BB8E9BB00C4798D /* Products */ = {
			isa = PBXGroup;
			children = (
				1838A02C1BB8E9BB00C4798D /* DailySchedule.app */,
				1838A0411BB8E9BC00C4798D /* DailyScheduleTests.xctest */,
			);
			name = Products;
			sourceTree = "<group>";
		};
		1838A02E1BB8E9BB00C4798D /* DailySchedule */ = {
			isa = PBXGroup;
			children = (
				1838A0311BB8E9BB00C4798D /* AppDelegate.swift */,
				1838A0331BB8E9BB00C4798D /* ViewController.swift */,
				1838A0351BB8E9BB00C4798D /* Main.storyboard */,
				1809FF171BBB9F5800A5C0EE /* CalendarViewController.swift */,
				1838A0571BB8FB2C00C4798D /* TermSelectionViewController.swift */,
				1838A0511BB8F50800C4798D /* ScheduleTableViewController.swift */,
				1838A0531BB8F52500C4798D /* ScheduleTableViewCell.swift */,
				189E9D5F1BBA401D00EC5D34 /* FallDetailViewController.swift */,
				1838A0381BB8E9BB00C4798D /* Images.xcassets */,
				1809FF001BBB9EAF00A5C0EE /* CalendarKit */,
				1838A03A1BB8E9BB00C4798D /* LaunchScreen.xib */,
				1838A02F1BB8E9BB00C4798D /* Supporting Files */,
			);
			path = DailySchedule;
			sourceTree = "<group>";
		};
		1838A02F1BB8E9BB00C4798D /* Supporting Files */ = {
			isa = PBXGroup;
			children = (
				1838A0301BB8E9BB00C4798D /* Info.plist */,
			);
			name = "Supporting Files";
			sourceTree = "<group>";
		};
		1838A0441BB8E9BC00C4798D /* DailyScheduleTests */ = {
			isa = PBXGroup;
			children = (
				1838A0451BB8E9BC00C4798D /* Supporting Files */,
			);
			path = DailyScheduleTests;
			sourceTree = "<group>";
		};
		1838A0451BB8E9BC00C4798D /* Supporting Files */ = {
			isa = PBXGroup;
			children = (
				1838A0461BB8E9BC00C4798D /* Info.plist */,
			);
			name = "Supporting Files";
			sourceTree = "<group>";
		};
/* End PBXGroup section */

/* Begin PBXNativeTarget section */
		1838A02B1BB8E9BB00C4798D /* DailySchedule */ = {
			isa = PBXNativeTarget;
			buildConfigurationList = 1838A04B1BB8E9BC00C4798D /* Build configuration list for PBXNativeTarget "DailySchedule" */;
			buildPhases = (
				1838A0281BB8E9BB00C4798D /* Sources */,
				1838A0291BB8E9BB00C4798D /* Frameworks */,
				1838A02A1BB8E9BB00C4798D /* Resources */,
			);
			buildRules = (
			);
			dependencies = (
			);
			name = DailySchedule;
			productName = DailySchedule;
			productReference = 1838A02C1BB8E9BB00C4798D /* DailySchedule.app */;
			productType = "com.apple.product-type.application";
		};
		1838A0401BB8E9BC00C4798D /* DailyScheduleTests */ = {
			isa = PBXNativeTarget;
			buildConfigurationList = 1838A04E1BB8E9BC00C4798D /* Build configuration list for PBXNativeTarget "DailyScheduleTests" */;
			buildPhases = (
				1838A03D1BB8E9BC00C4798D /* Sources */,
				1838A03E1BB8E9BC00C4798D /* Frameworks */,
				1838A03F1BB8E9BC00C4798D /* Resources */,
			);
			buildRules = (
			);
			dependencies = (
				1838A0431BB8E9BC00C4798D /* PBXTargetDependency */,
			);
			name = DailyScheduleTests;
			productName = DailyScheduleTests;
			productReference = 1838A0411BB8E9BC00C4798D /* DailyScheduleTests.xctest */;
			productType = "com.apple.product-type.bundle.unit-test";
		};
/* End PBXNativeTarget section */

/* Begin PBXProject section */
		1838A0241BB8E9BB00C4798D /* Project object */ = {
			isa = PBXProject;
			attributes = {
				LastUpgradeCheck = 0640;
				ORGANIZATIONNAME = lye;
				TargetAttributes = {
					1838A02B1BB8E9BB00C4798D = {
						CreatedOnToolsVersion = 6.4;
					};
					1838A0401BB8E9BC00C4798D = {
						CreatedOnToolsVersion = 6.4;
						TestTargetID = 1838A02B1BB8E9BB00C4798D;
					};
				};
			};
			buildConfigurationList = 1838A0271BB8E9BB00C4798D /* Build configuration list for PBXProject "DailySchedule" */;
			compatibilityVersion = "Xcode 3.2";
			developmentRegion = English;
			hasScannedForEncodings = 0;
			knownRegions = (
				en,
				Base,
			);
			mainGroup = 1838A0231BB8E9BB00C4798D;
			productRefGroup = 1838A02D1BB8E9BB00C4798D /* Products */;
			projectDirPath = "";
			projectRoot = "";
			targets = (
				1838A02B1BB8E9BB00C4798D /* DailySchedule */,
				1838A0401BB8E9BC00C4798D /* DailyScheduleTests */,
			);
		};
/* End PBXProject section */

/* Begin PBXResourcesBuildPhase section */
		1838A02A1BB8E9BB00C4798D /* Resources */ = {
			isa = PBXResourcesBuildPhase;
			buildActionMask = 2147483647;
			files = (
				1838A0371BB8E9BB00C4798D /* Main.storyboard in Resources */,
				1809FF0F1BBB9F1500A5C0EE /* MonthCollectionCell.xib in Resources */,
				1809FF131BBB9F1500A5C0EE /* WeekHeaderView.xib in Resources */,
				1838A03C1BB8E9BB00C4798D /* LaunchScreen.xib in Resources */,
				1809FF0D1BBB9F1500A5C0EE /* CalendarView.xib in Resources */,
				1809FF111BBB9F1500A5C0EE /* DayCollectionCell.xib in Resources */,
				1838A0391BB8E9BB00C4798D /* Images.xcassets in Resources */,
			);
			runOnlyForDeploymentPostprocessing = 0;
		};
		1838A03F1BB8E9BC00C4798D /* Resources */ = {
			isa = PBXResourcesBuildPhase;
			buildActionMask = 2147483647;
			files = (
			);
			runOnlyForDeploymentPostprocessing = 0;
		};
/* End PBXResourcesBuildPhase section */

/* Begin PBXSourcesBuildPhase section */
		1838A0281BB8E9BB00C4798D /* Sources */ = {
			isa = PBXSourcesBuildPhase;
			buildActionMask = 2147483647;
			files = (
				189E9D601BBA401D00EC5D34 /* FallDetailViewController.swift in Sources */,
				1809FF121BBB9F1500A5C0EE /* WeekHeaderView.swift in Sources */,
				1809FF0C1BBB9F1500A5C0EE /* CalendarView.swift in Sources */,
				1838A0521BB8F50800C4798D /* ScheduleTableViewController.swift in Sources */,
				1838A0341BB8E9BB00C4798D /* ViewController.swift in Sources */,
				1809FF101BBB9F1500A5C0EE /* DayCollectionCell.swift in Sources */,
				1809FF141BBB9F1500A5C0EE /* CalendarLogic.swift in Sources */,
				1809FF151BBB9F1500A5C0EE /* Date.swift in Sources */,
				1838A0581BB8FB2C00C4798D /* TermSelectionViewController.swift in Sources */,
				1838A0541BB8F52500C4798D /* ScheduleTableViewCell.swift in Sources */,
				1809FF0E1BBB9F1500A5C0EE /* MonthCollectionCell.swift in Sources */,
				1809FF161BBB9F1500A5C0EE /* NSDateAdditions.swift in Sources */,
				1809FF181BBB9F5800A5C0EE /* CalendarViewController.swift in Sources */,
				1838A0321BB8E9BB00C4798D /* AppDelegate.swift in Sources */,
			);
			runOnlyForDeploymentPostprocessing = 0;
		};
		1838A03D1BB8E9BC00C4798D /* Sources */ = {
			isa = PBXSourcesBuildPhase;
			buildActionMask = 2147483647;
			files = (
			);
			runOnlyForDeploymentPostprocessing = 0;
		};
/* End PBXSourcesBuildPhase section */

/* Begin PBXTargetDependency section */
		1838A0431BB8E9BC00C4798D /* PBXTargetDependency */ = {
			isa = PBXTargetDependency;
			target = 1838A02B1BB8E9BB00C4798D /* DailySchedule */;
			targetProxy = 1838A0421BB8E9BC00C4798D /* PBXContainerItemProxy */;
		};
/* End PBXTargetDependency section */

/* Begin PBXVariantGroup section */
		1838A0351BB8E9BB00C4798D /* Main.storyboard */ = {
			isa = PBXVariantGroup;
			children = (
				1838A0361BB8E9BB00C4798D /* Base */,
			);
			name = Main.storyboard;
			sourceTree = "<group>";
		};
		1838A03A1BB8E9BB00C4798D /* LaunchScreen.xib */ = {
			isa = PBXVariantGroup;
			children = (
				1838A03B1BB8E9BB00C4798D /* Base */,
			);
			name = LaunchScreen.xib;
			sourceTree = "<group>";
		};
/* End PBXVariantGroup section */

/* Begin XCBuildConfiguration section */
		1838A0491BB8E9BC00C4798D /* Debug */ = {
			isa = XCBuildConfiguration;
			buildSettings = {
				ALWAYS_SEARCH_USER_PATHS = NO;
				CLANG_CXX_LANGUAGE_STANDARD = "gnu++0x";
				CLANG_CXX_LIBRARY = "libc++";
				CLANG_ENABLE_MODULES = YES;
				CLANG_ENABLE_OBJC_ARC = YES;
				CLANG_WARN_BOOL_CONVERSION = YES;
				CLANG_WARN_CONSTANT_CONVERSION = YES;
				CLANG_WARN_DIRECT_OBJC_ISA_USAGE = YES_ERROR;
				CLANG_WARN_EMPTY_BODY = YES;
				CLANG_WARN_ENUM_CONVERSION = YES;
				CLANG_WARN_INT_CONVERSION = YES;
				CLANG_WARN_OBJC_ROOT_CLASS = YES_ERROR;
				CLANG_WARN_UNREACHABLE_CODE = YES;
				CLANG_WARN__DUPLICATE_METHOD_MATCH = YES;
				"CODE_SIGN_IDENTITY[sdk=iphoneos*]" = "iPhone Developer";
				COPY_PHASE_STRIP = NO;
				DEBUG_INFORMATION_FORMAT = "dwarf-with-dsym";
				ENABLE_STRICT_OBJC_MSGSEND = YES;
				GCC_C_LANGUAGE_STANDARD = gnu99;
				GCC_DYNAMIC_NO_PIC = NO;
				GCC_NO_COMMON_BLOCKS = YES;
				GCC_OPTIMIZATION_LEVEL = 0;
				GCC_PREPROCESSOR_DEFINITIONS = (
					"DEBUG=1",
					"$(inherited)",
				);
				GCC_SYMBOLS_PRIVATE_EXTERN = NO;
				GCC_WARN_64_TO_32_BIT_CONVERSION = YES;
				GCC_WARN_ABOUT_RETURN_TYPE = YES_ERROR;
				GCC_WARN_UNDECLARED_SELECTOR = YES;
				GCC_WARN_UNINITIALIZED_AUTOS = YES_AGGRESSIVE;
				GCC_WARN_UNUSED_FUNCTION = YES;
				GCC_WARN_UNUSED_VARIABLE = YES;
				IPHONEOS_DEPLOYMENT_TARGET = 8.4;
				MTL_ENABLE_DEBUG_INFO = YES;
				ONLY_ACTIVE_ARCH = YES;
				SDKROOT = iphoneos;
				SWIFT_OPTIMIZATION_LEVEL = "-Onone";
			};
			name = Debug;
		};
		1838A04A1BB8E9BC00C4798D /* Release */ = {
			isa = XCBuildConfiguration;
			buildSettings = {
				ALWAYS_SEARCH_USER_PATHS = NO;
				CLANG_CXX_LANGUAGE_STANDARD = "gnu++0x";
				CLANG_CXX_LIBRARY = "libc++";
				CLANG_ENABLE_MODULES = YES;
				CLANG_ENABLE_OBJC_ARC = YES;
				CLANG_WARN_BOOL_CONVERSION = YES;
				CLANG_WARN_CONSTANT_CONVERSION = YES;
				CLANG_WARN_DIRECT_OBJC_ISA_USAGE = YES_ERROR;
				CLANG_WARN_EMPTY_BODY = YES;
				CLANG_WARN_ENUM_CONVERSION = YES;
				CLANG_WARN_INT_CONVERSION = YES;
				CLANG_WARN_OBJC_ROOT_CLASS = YES_ERROR;
				CLANG_WARN_UNREACHABLE_CODE = YES;
				CLANG_WARN__DUPLICATE_METHOD_MATCH = YES;
				"CODE_SIGN_IDENTITY[sdk=iphoneos*]" = "iPhone Developer";
				COPY_PHASE_STRIP = NO;
				DEBUG_INFORMATION_FORMAT = "dwarf-with-dsym";
				ENABLE_NS_ASSERTIONS = NO;
				ENABLE_STRICT_OBJC_MSGSEND = YES;
				GCC_C_LANGUAGE_STANDARD = gnu99;
				GCC_NO_COMMON_BLOCKS = YES;
				GCC_WARN_64_TO_32_BIT_CONVERSION = YES;
				GCC_WARN_ABOUT_RETURN_TYPE = YES_ERROR;
				GCC_WARN_UNDECLARED_SELECTOR = YES;
				GCC_WARN_UNINITIALIZED_AUTOS = YES_AGGRESSIVE;
				GCC_WARN_UNUSED_FUNCTION = YES;
				GCC_WARN_UNUSED_VARIABLE = YES;
				IPHONEOS_DEPLOYMENT_TARGET = 8.4;
				MTL_ENABLE_DEBUG_INFO = NO;
				SDKROOT = iphoneos;
				VALIDATE_PRODUCT = YES;
			};
			name = Release;
		};
		1838A04C1BB8E9BC00C4798D /* Debug */ = {
			isa = XCBuildConfiguration;
			buildSettings = {
				ASSETCATALOG_COMPILER_APPICON_NAME = AppIcon;
				INFOPLIST_FILE = DailySchedule/Info.plist;
				LD_RUNPATH_SEARCH_PATHS = "$(inherited) @executable_path/Frameworks";
				PRODUCT_NAME = "$(TARGET_NAME)";
			};
			name = Debug;
		};
		1838A04D1BB8E9BC00C4798D /* Release */ = {
			isa = XCBuildConfiguration;
			buildSettings = {
				ASSETCATALOG_COMPILER_APPICON_NAME = AppIcon;
				INFOPLIST_FILE = DailySchedule/Info.plist;
				LD_RUNPATH_SEARCH_PATHS = "$(inherited) @executable_path/Frameworks";
				PRODUCT_NAME = "$(TARGET_NAME)";
			};
			name = Release;
		};
		1838A04F1BB8E9BC00C4798D /* Debug */ = {
			isa = XCBuildConfiguration;
			buildSettings = {
				BUNDLE_LOADER = "$(TEST_HOST)";
				FRAMEWORK_SEARCH_PATHS = (
					"$(SDKROOT)/Developer/Library/Frameworks",
					"$(inherited)",
				);
				GCC_PREPROCESSOR_DEFINITIONS = (
					"DEBUG=1",
					"$(inherited)",
				);
				INFOPLIST_FILE = DailyScheduleTests/Info.plist;
				LD_RUNPATH_SEARCH_PATHS = "$(inherited) @executable_path/Frameworks @loader_path/Frameworks";
				PRODUCT_NAME = "$(TARGET_NAME)";
				TEST_HOST = "$(BUILT_PRODUCTS_DIR)/DailySchedule.app/DailySchedule";
			};
			name = Debug;
		};
		1838A0501BB8E9BC00C4798D /* Release */ = {
			isa = XCBuildConfiguration;
			buildSettings = {
				BUNDLE_LOADER = "$(TEST_HOST)";
				FRAMEWORK_SEARCH_PATHS = (
					"$(SDKROOT)/Developer/Library/Frameworks",
					"$(inherited)",
				);
				INFOPLIST_FILE = DailyScheduleTests/Info.plist;
				LD_RUNPATH_SEARCH_PATHS = "$(inherited) @executable_path/Frameworks @loader_path/Frameworks";
				PRODUCT_NAME = "$(TARGET_NAME)";
				TEST_HOST = "$(BUILT_PRODUCTS_DIR)/DailySchedule.app/DailySchedule";
			};
			name = Release;
		};
/* End XCBuildConfiguration section */

/* Begin XCConfigurationList section */
		1838A0271BB8E9BB00C4798D /* Build configuration list for PBXProject "DailySchedule" */ = {
			isa = XCConfigurationList;
			buildConfigurations = (
				1838A0491BB8E9BC00C4798D /* Debug */,
				1838A04A1BB8E9BC00C4798D /* Release */,
			);
			defaultConfigurationIsVisible = 0;
			defaultConfigurationName = Release;
		};
		1838A04B1BB8E9BC00C4798D /* Build configuration list for PBXNativeTarget "DailySchedule" */ = {
			isa = XCConfigurationList;
			buildConfigurations = (
				1838A04C1BB8E9BC00C4798D /* Debug */,
				1838A04D1BB8E9BC00C4798D /* Release */,
			);
			defaultConfigurationIsVisible = 0;
			defaultConfigurationName = Release;
		};
		1838A04E1BB8E9BC00C4798D /* Build configuration list for PBXNativeTarget "DailyScheduleTests" */ = {
			isa = XCConfigurationList;
			buildConfigurations = (
				1838A04F1BB8E9BC00C4798D /* Debug */,
				1838A0501BB8E9BC00C4798D /* Release */,
			);
			defaultConfigurationIsVisible = 0;
			defaultConfigurationName = Release;
		};
/* End XCConfigurationList section */
	};
	rootObject = 1838A0241BB8E9BB00C4798D /* Project object */;
}
